
Microsoft Visual Studio Solution File, Format Version 12.00
Project("{FAE04EC0-301F-11D3-BF4B-00C04F79EFBC}") = "CurrencyConverter", "CurrencyConverter\CurrencyConverter.csproj", "{A04BE38F-4B74-4CC1-AE0F-CF8378FD1D76}"
EndProject
Global
	GlobalSection(SolutionConfigurationPlatforms) = preSolution
		Debug|Any CPU = Debug|Any CPU
		Release|Any CPU = Release|Any CPU
	EndGlobalSection
	GlobalSection(ProjectConfigurationPlatforms) = postSolution
		{A04BE38F-4B74-4CC1-AE0F-CF8378FD1D76}.Debug|Any CPU.ActiveCfg = Debug|Any CPU
		{A04BE38F-4B74-4CC1-AE0F-CF8378FD1D76}.Debug|Any CPU.Build.0 = Debug|Any CPU
		{A04BE38F-4B74-4CC1-AE0F-CF8378FD1D76}.Release|Any CPU.ActiveCfg = Release|Any CPU
		{A04BE38F-4B74-4CC1-AE0F-CF8378FD1D76}.Release|Any CPU.Build.0 = Release|Any CPU
	EndGlobalSection
EndGlobal
